// !$*UTF8*$!
{
	archiveVersion = 1;
	classes = {
	};
	objectVersion = 48;
	objects = {

/* Begin PBXBuildFile section */
		5B322FC520596ECB00292D8D /* AppDelegate.swift in Sources */ = {isa = PBXBuildFile; fileRef = 5B322FC420596ECA00292D8D /* AppDelegate.swift */; };
		5B322FC720596ECB00292D8D /* LoginViewController.swift in Sources */ = {isa = PBXBuildFile; fileRef = 5B322FC620596ECB00292D8D /* LoginViewController.swift */; };
		5B322FCA20596ECB00292D8D /* Main.storyboard in Resources */ = {isa = PBXBuildFile; fileRef = 5B322FC820596ECB00292D8D /* Main.storyboard */; };
		5B322FCC20596ECB00292D8D /* Assets.xcassets in Resources */ = {isa = PBXBuildFile; fileRef = 5B322FCB20596ECB00292D8D /* Assets.xcassets */; };
		5B322FCF20596ECB00292D8D /* LaunchScreen.storyboard in Resources */ = {isa = PBXBuildFile; fileRef = 5B322FCD20596ECB00292D8D /* LaunchScreen.storyboard */; };
		5B322FD720596F4300292D8D /* GoogleService-Info.plist in Resources */ = {isa = PBXBuildFile; fileRef = 5B322FD620596F4300292D8D /* GoogleService-Info.plist */; };
		5BD1855A205A96560035437B /* CountriesListViewController.swift in Sources */ = {isa = PBXBuildFile; fileRef = 5BD18559205A96560035437B /* CountriesListViewController.swift */; };
		5BD1855D205A96EC0035437B /* CountryTableViewCell.swift in Sources */ = {isa = PBXBuildFile; fileRef = 5BD1855C205A96EC0035437B /* CountryTableViewCell.swift */; };
		5BD76D922059AEAE00AEE740 /* FriendListViewController.swift in Sources */ = {isa = PBXBuildFile; fileRef = 5BD76D912059AEAE00AEE740 /* FriendListViewController.swift */; };
		5BD76D942059B19500AEE740 /* FriendTableViewCell.swift in Sources */ = {isa = PBXBuildFile; fileRef = 5BD76D932059B19500AEE740 /* FriendTableViewCell.swift */; };
		5BD76DA4205A6F5200AEE740 /* OpenSans-SemiBoldItalic.ttf in Resources */ = {isa = PBXBuildFile; fileRef = 5BD76D9A205A6F5100AEE740 /* OpenSans-SemiBoldItalic.ttf */; };
		5BD76DA5205A6F5200AEE740 /* OpenSans-Regular.ttf in Resources */ = {isa = PBXBuildFile; fileRef = 5BD76D9B205A6F5100AEE740 /* OpenSans-Regular.ttf */; };
		5BD76DA6205A6F5200AEE740 /* OpenSans-Bold.ttf in Resources */ = {isa = PBXBuildFile; fileRef = 5BD76D9C205A6F5100AEE740 /* OpenSans-Bold.ttf */; };
		5BD76DA7205A6F5200AEE740 /* OpenSans-ExtraBold.ttf in Resources */ = {isa = PBXBuildFile; fileRef = 5BD76D9D205A6F5100AEE740 /* OpenSans-ExtraBold.ttf */; };
		5BD76DA8205A6F5200AEE740 /* OpenSans-Italic.ttf in Resources */ = {isa = PBXBuildFile; fileRef = 5BD76D9E205A6F5100AEE740 /* OpenSans-Italic.ttf */; };
		5BD76DA9205A6F5200AEE740 /* OpenSans-Light.ttf in Resources */ = {isa = PBXBuildFile; fileRef = 5BD76D9F205A6F5100AEE740 /* OpenSans-Light.ttf */; };
		5BD76DAA205A6F5200AEE740 /* OpenSans-SemiBold.ttf in Resources */ = {isa = PBXBuildFile; fileRef = 5BD76DA0205A6F5200AEE740 /* OpenSans-SemiBold.ttf */; };
		5BD76DAB205A6F5200AEE740 /* OpenSans-BoldItalic.ttf in Resources */ = {isa = PBXBuildFile; fileRef = 5BD76DA1205A6F5200AEE740 /* OpenSans-BoldItalic.ttf */; };
		5BD76DAC205A6F5200AEE740 /* OpenSans-ExtraBoldItalic.ttf in Resources */ = {isa = PBXBuildFile; fileRef = 5BD76DA2205A6F5200AEE740 /* OpenSans-ExtraBoldItalic.ttf */; };
		5BD76DAD205A6F5200AEE740 /* OpenSans-LightItalic.ttf in Resources */ = {isa = PBXBuildFile; fileRef = 5BD76DA3205A6F5200AEE740 /* OpenSans-LightItalic.ttf */; };
		A6EE9FC0898D16B9FBA1B9F0 /* Pods_DTT.framework in Frameworks */ = {isa = PBXBuildFile; fileRef = 7E442240F10D42F66F4FA37C /* Pods_DTT.framework */; };
/* End PBXBuildFile section */

/* Begin PBXFileReference section */
		5B322FC120596ECA00292D8D /* DTT.app */ = {isa = PBXFileReference; explicitFileType = wrapper.application; includeInIndex = 0; path = DTT.app; sourceTree = BUILT_PRODUCTS_DIR; };
		5B322FC420596ECA00292D8D /* AppDelegate.swift */ = {isa = PBXFileReference; lastKnownFileType = sourcecode.swift; path = AppDelegate.swift; sourceTree = "<group>"; };
		5B322FC620596ECB00292D8D /* LoginViewController.swift */ = {isa = PBXFileReference; lastKnownFileType = sourcecode.swift; path = LoginViewController.swift; sourceTree = "<group>"; };
		5B322FC920596ECB00292D8D /* Base */ = {isa = PBXFileReference; lastKnownFileType = file.storyboard; name = Base; path = Base.lproj/Main.storyboard; sourceTree = "<group>"; };
		5B322FCB20596ECB00292D8D /* Assets.xcassets */ = {isa = PBXFileReference; lastKnownFileType = folder.assetcatalog; path = Assets.xcassets; sourceTree = "<group>"; };
		5B322FCE20596ECB00292D8D /* Base */ = {isa = PBXFileReference; lastKnownFileType = file.storyboard; name = Base; path = Base.lproj/LaunchScreen.storyboard; sourceTree = "<group>"; };
		5B322FD020596ECB00292D8D /* Info.plist */ = {isa = PBXFileReference; lastKnownFileType = text.plist.xml; path = Info.plist; sourceTree = "<group>"; };
		5B322FD620596F4300292D8D /* GoogleService-Info.plist */ = {isa = PBXFileReference; fileEncoding = 4; lastKnownFileType = text.plist.xml; path = "GoogleService-Info.plist"; sourceTree = "<group>"; };
		5BD18559205A96560035437B /* CountriesListViewController.swift */ = {isa = PBXFileReference; lastKnownFileType = sourcecode.swift; path = CountriesListViewController.swift; sourceTree = "<group>"; };
		5BD1855C205A96EC0035437B /* CountryTableViewCell.swift */ = {isa = PBXFileReference; lastKnownFileType = sourcecode.swift; path = CountryTableViewCell.swift; sourceTree = "<group>"; };
		5BD76D912059AEAE00AEE740 /* FriendListViewController.swift */ = {isa = PBXFileReference; lastKnownFileType = sourcecode.swift; path = FriendListViewController.swift; sourceTree = "<group>"; };
		5BD76D932059B19500AEE740 /* FriendTableViewCell.swift */ = {isa = PBXFileReference; lastKnownFileType = sourcecode.swift; path = FriendTableViewCell.swift; sourceTree = "<group>"; };
		5BD76D972059D35700AEE740 /* DTT.entitlements */ = {isa = PBXFileReference; lastKnownFileType = text.plist.entitlements; path = DTT.entitlements; sourceTree = "<group>"; };
		5BD76D9A205A6F5100AEE740 /* OpenSans-SemiBoldItalic.ttf */ = {isa = PBXFileReference; lastKnownFileType = file; path = "OpenSans-SemiBoldItalic.ttf"; sourceTree = "<group>"; };
		5BD76D9B205A6F5100AEE740 /* OpenSans-Regular.ttf */ = {isa = PBXFileReference; lastKnownFileType = file; path = "OpenSans-Regular.ttf"; sourceTree = "<group>"; };
		5BD76D9C205A6F5100AEE740 /* OpenSans-Bold.ttf */ = {isa = PBXFileReference; lastKnownFileType = file; path = "OpenSans-Bold.ttf"; sourceTree = "<group>"; };
		5BD76D9D205A6F5100AEE740 /* OpenSans-ExtraBold.ttf */ = {isa = PBXFileReference; lastKnownFileType = file; path = "OpenSans-ExtraBold.ttf"; sourceTree = "<group>"; };
		5BD76D9E205A6F5100AEE740 /* OpenSans-Italic.ttf */ = {isa = PBXFileReference; lastKnownFileType = file; path = "OpenSans-Italic.ttf"; sourceTree = "<group>"; };
		5BD76D9F205A6F5100AEE740 /* OpenSans-Light.ttf */ = {isa = PBXFileReference; lastKnownFileType = file; path = "OpenSans-Light.ttf"; sourceTree = "<group>"; };
		5BD76DA0205A6F5200AEE740 /* OpenSans-SemiBold.ttf */ = {isa = PBXFileReference; lastKnownFileType = file; path = "OpenSans-SemiBold.ttf"; sourceTree = "<group>"; };
		5BD76DA1205A6F5200AEE740 /* OpenSans-BoldItalic.ttf */ = {isa = PBXFileReference; lastKnownFileType = file; path = "OpenSans-BoldItalic.ttf"; sourceTree = "<group>"; };
		5BD76DA2205A6F5200AEE740 /* OpenSans-ExtraBoldItalic.ttf */ = {isa = PBXFileReference; lastKnownFileType = file; path = "OpenSans-ExtraBoldItalic.ttf"; sourceTree = "<group>"; };
		5BD76DA3205A6F5200AEE740 /* OpenSans-LightItalic.ttf */ = {isa = PBXFileReference; lastKnownFileType = file; path = "OpenSans-LightItalic.ttf"; sourceTree = "<group>"; };
		7E442240F10D42F66F4FA37C /* Pods_DTT.framework */ = {isa = PBXFileReference; explicitFileType = wrapper.framework; includeInIndex = 0; path = Pods_DTT.framework; sourceTree = BUILT_PRODUCTS_DIR; };
		A8854894644AE5DB1D45C0B5 /* Pods-DTT.release.xcconfig */ = {isa = PBXFileReference; includeInIndex = 1; lastKnownFileType = text.xcconfig; name = "Pods-DTT.release.xcconfig"; path = "Pods/Target Support Files/Pods-DTT/Pods-DTT.release.xcconfig"; sourceTree = "<group>"; };
		C752044EA211C7A6ECABD082 /* Pods-DTT.debug.xcconfig */ = {isa = PBXFileReference; includeInIndex = 1; lastKnownFileType = text.xcconfig; name = "Pods-DTT.debug.xcconfig"; path = "Pods/Target Support Files/Pods-DTT/Pods-DTT.debug.xcconfig"; sourceTree = "<group>"; };
/* End PBXFileReference section */

/* Begin PBXFrameworksBuildPhase section */
		5B322FBE20596ECA00292D8D /* Frameworks */ = {
			isa = PBXFrameworksBuildPhase;
			buildActionMask = 2147483647;
			files = (
				A6EE9FC0898D16B9FBA1B9F0 /* Pods_DTT.framework in Frameworks */,
			);
			runOnlyForDeploymentPostprocessing = 0;
		};
/* End PBXFrameworksBuildPhase section */

/* Begin PBXGroup section */
		5B322FB820596ECA00292D8D = {
			isa = PBXGroup;
			children = (
				5B322FC320596ECA00292D8D /* DTT */,
				5B322FC220596ECA00292D8D /* Products */,
				97049EBFF9B03EC7A8926276 /* Pods */,
				CFFA1E9BB5E66C8A43DF0E10 /* Frameworks */,
			);
			sourceTree = "<group>";
		};
		5B322FC220596ECA00292D8D /* Products */ = {
			isa = PBXGroup;
			children = (
				5B322FC120596ECA00292D8D /* DTT.app */,
			);
			name = Products;
			sourceTree = "<group>";
		};
		5B322FC320596ECA00292D8D /* DTT */ = {
			isa = PBXGroup;
			children = (
				5BD18558205A96440035437B /* CountriesList */,
				5BD76D972059D35700AEE740 /* DTT.entitlements */,
				5BD76D962059B1A600AEE740 /* Login */,
				5BD76D952059B19B00AEE740 /* FriendList */,
				5B322FD620596F4300292D8D /* GoogleService-Info.plist */,
				5B322FC420596ECA00292D8D /* AppDelegate.swift */,
				5B322FC820596ECB00292D8D /* Main.storyboard */,
				5B322FCB20596ECB00292D8D /* Assets.xcassets */,
				5B322FCD20596ECB00292D8D /* LaunchScreen.storyboard */,
				5B322FD020596ECB00292D8D /* Info.plist */,
				5BD76D98205A6F3B00AEE740 /* Resources */,
			);
			path = DTT;
			sourceTree = "<group>";
		};
		5BD18558205A96440035437B /* CountriesList */ = {
			isa = PBXGroup;
			children = (
				5BD1855C205A96EC0035437B /* CountryTableViewCell.swift */,
				5BD18559205A96560035437B /* CountriesListViewController.swift */,
			);
			path = CountriesList;
			sourceTree = "<group>";
		};
		5BD76D952059B19B00AEE740 /* FriendList */ = {
			isa = PBXGroup;
			children = (
				5BD76D912059AEAE00AEE740 /* FriendListViewController.swift */,
				5BD76D932059B19500AEE740 /* FriendTableViewCell.swift */,
			);
			path = FriendList;
			sourceTree = "<group>";
		};
		5BD76D962059B1A600AEE740 /* Login */ = {
			isa = PBXGroup;
			children = (
				5B322FC620596ECB00292D8D /* LoginViewController.swift */,
			);
			path = Login;
			sourceTree = "<group>";
		};
		5BD76D98205A6F3B00AEE740 /* Resources */ = {
			isa = PBXGroup;
			children = (
				5BD76D99205A6F4800AEE740 /* Fonts */,
			);
			path = Resources;
			sourceTree = "<group>";
		};
		5BD76D99205A6F4800AEE740 /* Fonts */ = {
			isa = PBXGroup;
			children = (
				5BD76D9C205A6F5100AEE740 /* OpenSans-Bold.ttf */,
				5BD76DA1205A6F5200AEE740 /* OpenSans-BoldItalic.ttf */,
				5BD76D9D205A6F5100AEE740 /* OpenSans-ExtraBold.ttf */,
				5BD76DA2205A6F5200AEE740 /* OpenSans-ExtraBoldItalic.ttf */,
				5BD76D9E205A6F5100AEE740 /* OpenSans-Italic.ttf */,
				5BD76D9F205A6F5100AEE740 /* OpenSans-Light.ttf */,
				5BD76DA3205A6F5200AEE740 /* OpenSans-LightItalic.ttf */,
				5BD76D9B205A6F5100AEE740 /* OpenSans-Regular.ttf */,
				5BD76DA0205A6F5200AEE740 /* OpenSans-SemiBold.ttf */,
				5BD76D9A205A6F5100AEE740 /* OpenSans-SemiBoldItalic.ttf */,
			);
			path = Fonts;
			sourceTree = "<group>";
		};
		97049EBFF9B03EC7A8926276 /* Pods */ = {
			isa = PBXGroup;
			children = (
				C752044EA211C7A6ECABD082 /* Pods-DTT.debug.xcconfig */,
				A8854894644AE5DB1D45C0B5 /* Pods-DTT.release.xcconfig */,
			);
			name = Pods;
			sourceTree = "<group>";
		};
		CFFA1E9BB5E66C8A43DF0E10 /* Frameworks */ = {
			isa = PBXGroup;
			children = (
				7E442240F10D42F66F4FA37C /* Pods_DTT.framework */,
			);
			name = Frameworks;
			sourceTree = "<group>";
		};
/* End PBXGroup section */

/* Begin PBXNativeTarget section */
		5B322FC020596ECA00292D8D /* DTT */ = {
			isa = PBXNativeTarget;
			buildConfigurationList = 5B322FD320596ECB00292D8D /* Build configuration list for PBXNativeTarget "DTT" */;
			buildPhases = (
				2595FE0DAEC0A4CE464B7768 /* [CP] Check Pods Manifest.lock */,
				5B322FBD20596ECA00292D8D /* Sources */,
				5B322FBE20596ECA00292D8D /* Frameworks */,
				5B322FBF20596ECA00292D8D /* Resources */,
				363287DFDABF4E1072E2CD4A /* [CP] Embed Pods Frameworks */,
				D49238F2F01A4D94FDC11664 /* [CP] Copy Pods Resources */,
			);
			buildRules = (
			);
			dependencies = (
			);
			name = DTT;
			productName = DTT;
			productReference = 5B322FC120596ECA00292D8D /* DTT.app */;
			productType = "com.apple.product-type.application";
		};
/* End PBXNativeTarget section */

/* Begin PBXProject section */
		5B322FB920596ECA00292D8D /* Project object */ = {
			isa = PBXProject;
			attributes = {
				LastSwiftUpdateCheck = 0920;
				LastUpgradeCheck = 0920;
				ORGANIZATIONNAME = "Martin Herholdt Rasmussen";
				TargetAttributes = {
					5B322FC020596ECA00292D8D = {
						CreatedOnToolsVersion = 9.2;
						ProvisioningStyle = Automatic;
						SystemCapabilities = {
							com.apple.BackgroundModes = {
								enabled = 1;
							};
							com.apple.Push = {
								enabled = 1;
							};
						};
					};
				};
			};
			buildConfigurationList = 5B322FBC20596ECA00292D8D /* Build configuration list for PBXProject "DTT" */;
			compatibilityVersion = "Xcode 8.0";
			developmentRegion = en;
			hasScannedForEncodings = 0;
			knownRegions = (
				en,
				Base,
			);
			mainGroup = 5B322FB820596ECA00292D8D;
			productRefGroup = 5B322FC220596ECA00292D8D /* Products */;
			projectDirPath = "";
			projectRoot = "";
			targets = (
				5B322FC020596ECA00292D8D /* DTT */,
			);
		};
/* End PBXProject section */

/* Begin PBXResourcesBuildPhase section */
		5B322FBF20596ECA00292D8D /* Resources */ = {
			isa = PBXResourcesBuildPhase;
			buildActionMask = 2147483647;
			files = (
				5BD76DA8205A6F5200AEE740 /* OpenSans-Italic.ttf in Resources */,
				5B322FCF20596ECB00292D8D /* LaunchScreen.storyboard in Resources */,
				5BD76DAD205A6F5200AEE740 /* OpenSans-LightItalic.ttf in Resources */,
				5BD76DAA205A6F5200AEE740 /* OpenSans-SemiBold.ttf in Resources */,
				5BD76DA6205A6F5200AEE740 /* OpenSans-Bold.ttf in Resources */,
				5B322FD720596F4300292D8D /* GoogleService-Info.plist in Resources */,
				5BD76DA7205A6F5200AEE740 /* OpenSans-ExtraBold.ttf in Resources */,
				5BD76DAB205A6F5200AEE740 /* OpenSans-BoldItalic.ttf in Resources */,
				5B322FCC20596ECB00292D8D /* Assets.xcassets in Resources */,
				5B322FCA20596ECB00292D8D /* Main.storyboard in Resources */,
				5BD76DAC205A6F5200AEE740 /* OpenSans-ExtraBoldItalic.ttf in Resources */,
				5BD76DA5205A6F5200AEE740 /* OpenSans-Regular.ttf in Resources */,
				5BD76DA9205A6F5200AEE740 /* OpenSans-Light.ttf in Resources */,
				5BD76DA4205A6F5200AEE740 /* OpenSans-SemiBoldItalic.ttf in Resources */,
			);
			runOnlyForDeploymentPostprocessing = 0;
		};
/* End PBXResourcesBuildPhase section */

/* Begin PBXShellScriptBuildPhase section */
		2595FE0DAEC0A4CE464B7768 /* [CP] Check Pods Manifest.lock */ = {
			isa = PBXShellScriptBuildPhase;
			buildActionMask = 2147483647;
			files = (
			);
			inputPaths = (
				"${PODS_PODFILE_DIR_PATH}/Podfile.lock",
				"${PODS_ROOT}/Manifest.lock",
			);
			name = "[CP] Check Pods Manifest.lock";
			outputPaths = (
				"$(DERIVED_FILE_DIR)/Pods-DTT-checkManifestLockResult.txt",
			);
			runOnlyForDeploymentPostprocessing = 0;
			shellPath = /bin/sh;
			shellScript = "diff \"${PODS_PODFILE_DIR_PATH}/Podfile.lock\" \"${PODS_ROOT}/Manifest.lock\" > /dev/null\nif [ $? != 0 ] ; then\n    # print error to STDERR\n    echo \"error: The sandbox is not in sync with the Podfile.lock. Run 'pod install' or update your CocoaPods installation.\" >&2\n    exit 1\nfi\n# This output is used by Xcode 'outputs' to avoid re-running this script phase.\necho \"SUCCESS\" > \"${SCRIPT_OUTPUT_FILE_0}\"\n";
			showEnvVarsInLog = 0;
		};
		363287DFDABF4E1072E2CD4A /* [CP] Embed Pods Frameworks */ = {
			isa = PBXShellScriptBuildPhase;
			buildActionMask = 2147483647;
			files = (
			);
			inputPaths = (
				"${SRCROOT}/Pods/Target Support Files/Pods-DTT/Pods-DTT-frameworks.sh",
				"${BUILT_PRODUCTS_DIR}/Bolts/Bolts.framework",
				"${BUILT_PRODUCTS_DIR}/BoringSSL/openssl.framework",
				"${BUILT_PRODUCTS_DIR}/FBSDKCoreKit/FBSDKCoreKit.framework",
				"${BUILT_PRODUCTS_DIR}/FBSDKLoginKit/FBSDKLoginKit.framework",
				"${BUILT_PRODUCTS_DIR}/FBSDKShareKit/FBSDKShareKit.framework",
				"${BUILT_PRODUCTS_DIR}/GTMSessionFetcher/GTMSessionFetcher.framework",
				"${BUILT_PRODUCTS_DIR}/GoogleToolboxForMac/GoogleToolboxForMac.framework",
				"${BUILT_PRODUCTS_DIR}/Kingfisher/Kingfisher.framework",
				"${BUILT_PRODUCTS_DIR}/Protobuf/Protobuf.framework",
				"${BUILT_PRODUCTS_DIR}/gRPC/GRPCClient.framework",
				"${BUILT_PRODUCTS_DIR}/gRPC-Core/grpc.framework",
				"${BUILT_PRODUCTS_DIR}/gRPC-ProtoRPC/ProtoRPC.framework",
				"${BUILT_PRODUCTS_DIR}/gRPC-RxLibrary/RxLibrary.framework",
				"${BUILT_PRODUCTS_DIR}/leveldb-library/leveldb.framework",
				"${BUILT_PRODUCTS_DIR}/nanopb/nanopb.framework",
			);
			name = "[CP] Embed Pods Frameworks";
			outputPaths = (
				"${TARGET_BUILD_DIR}/${FRAMEWORKS_FOLDER_PATH}/Bolts.framework",
				"${TARGET_BUILD_DIR}/${FRAMEWORKS_FOLDER_PATH}/openssl.framework",
				"${TARGET_BUILD_DIR}/${FRAMEWORKS_FOLDER_PATH}/FBSDKCoreKit.framework",
				"${TARGET_BUILD_DIR}/${FRAMEWORKS_FOLDER_PATH}/FBSDKLoginKit.framework",
				"${TARGET_BUILD_DIR}/${FRAMEWORKS_FOLDER_PATH}/FBSDKShareKit.framework",
				"${TARGET_BUILD_DIR}/${FRAMEWORKS_FOLDER_PATH}/GTMSessionFetcher.framework",
				"${TARGET_BUILD_DIR}/${FRAMEWORKS_FOLDER_PATH}/GoogleToolboxForMac.framework",
				"${TARGET_BUILD_DIR}/${FRAMEWORKS_FOLDER_PATH}/Kingfisher.framework",
				"${TARGET_BUILD_DIR}/${FRAMEWORKS_FOLDER_PATH}/Protobuf.framework",
				"${TARGET_BUILD_DIR}/${FRAMEWORKS_FOLDER_PATH}/GRPCClient.framework",
				"${TARGET_BUILD_DIR}/${FRAMEWORKS_FOLDER_PATH}/grpc.framework",
				"${TARGET_BUILD_DIR}/${FRAMEWORKS_FOLDER_PATH}/ProtoRPC.framework",
				"${TARGET_BUILD_DIR}/${FRAMEWORKS_FOLDER_PATH}/RxLibrary.framework",
				"${TARGET_BUILD_DIR}/${FRAMEWORKS_FOLDER_PATH}/leveldb.framework",
				"${TARGET_BUILD_DIR}/${FRAMEWORKS_FOLDER_PATH}/nanopb.framework",
			);
			runOnlyForDeploymentPostprocessing = 0;
			shellPath = /bin/sh;
			shellScript = "\"${SRCROOT}/Pods/Target Support Files/Pods-DTT/Pods-DTT-frameworks.sh\"\n";
			showEnvVarsInLog = 0;
		};
		D49238F2F01A4D94FDC11664 /* [CP] Copy Pods Resources */ = {
			isa = PBXShellScriptBuildPhase;
			buildActionMask = 2147483647;
			files = (
			);
			inputPaths = (
			);
			name = "[CP] Copy Pods Resources";
			outputPaths = (
			);
			runOnlyForDeploymentPostprocessing = 0;
			shellPath = /bin/sh;
			shellScript = "\"${SRCROOT}/Pods/Target Support Files/Pods-DTT/Pods-DTT-resources.sh\"\n";
			showEnvVarsInLog = 0;
		};
/* End PBXShellScriptBuildPhase section */

/* Begin PBXSourcesBuildPhase section */
		5B322FBD20596ECA00292D8D /* Sources */ = {
			isa = PBXSourcesBuildPhase;
			buildActionMask = 2147483647;
			files = (
				5B322FC720596ECB00292D8D /* LoginViewController.swift in Sources */,
				5B322FC520596ECB00292D8D /* AppDelegate.swift in Sources */,
				5BD1855D205A96EC0035437B /* CountryTableViewCell.swift in Sources */,
				5BD76D922059AEAE00AEE740 /* FriendListViewController.swift in Sources */,
				5BD76D942059B19500AEE740 /* FriendTableViewCell.swift in Sources */,
				5BD1855A205A96560035437B /* CountriesListViewController.swift in Sources */,
			);
			runOnlyForDeploymentPostprocessing = 0;
		};
/* End PBXSourcesBuildPhase section */

/* Begin PBXVariantGroup section */
		5B322FC820596ECB00292D8D /* Main.storyboard */ = {
			isa = PBXVariantGroup;
			children = (
				5B322FC920596ECB00292D8D /* Base */,
			);
			name = Main.storyboard;
			sourceTree = "<group>";
		};
		5B322FCD20596ECB00292D8D /* LaunchScreen.storyboard */ = {
			isa = PBXVariantGroup;
			children = (
				5B322FCE20596ECB00292D8D /* Base */,
			);
			name = LaunchScreen.storyboard;
			sourceTree = "<group>";
		};
/* End PBXVariantGroup section */

/* Begin XCBuildConfiguration section */
		5B322FD120596ECB00292D8D /* Debug */ = {
			isa = XCBuildConfiguration;
			buildSettings = {
				ALWAYS_SEARCH_USER_PATHS = NO;
				CLANG_ANALYZER_NONNULL = YES;
				CLANG_ANALYZER_NUMBER_OBJECT_CONVERSION = YES_AGGRESSIVE;
				CLANG_CXX_LANGUAGE_STANDARD = "gnu++14";
				CLANG_CXX_LIBRARY = "libc++";
				CLANG_ENABLE_MODULES = YES;
				CLANG_ENABLE_OBJC_ARC = YES;
				CLANG_WARN_BLOCK_CAPTURE_AUTORELEASING = YES;
				CLANG_WARN_BOOL_CONVERSION = YES;
				CLANG_WARN_COMMA = YES;
				CLANG_WARN_CONSTANT_CONVERSION = YES;
				CLANG_WARN_DIRECT_OBJC_ISA_USAGE = YES_ERROR;
				CLANG_WARN_DOCUMENTATION_COMMENTS = YES;
				CLANG_WARN_EMPTY_BODY = YES;
				CLANG_WARN_ENUM_CONVERSION = YES;
				CLANG_WARN_INFINITE_RECURSION = YES;
				CLANG_WARN_INT_CONVERSION = YES;
				CLANG_WARN_NON_LITERAL_NULL_CONVERSION = YES;
				CLANG_WARN_OBJC_LITERAL_CONVERSION = YES;
				CLANG_WARN_OBJC_ROOT_CLASS = YES_ERROR;
				CLANG_WARN_RANGE_LOOP_ANALYSIS = YES;
				CLANG_WARN_STRICT_PROTOTYPES = YES;
				CLANG_WARN_SUSPICIOUS_MOVE = YES;
				CLANG_WARN_UNGUARDED_AVAILABILITY = YES_AGGRESSIVE;
				CLANG_WARN_UNREACHABLE_CODE = YES;
				CLANG_WARN__DUPLICATE_METHOD_MATCH = YES;
				CODE_SIGN_IDENTITY = "iPhone Developer";
				COPY_PHASE_STRIP = NO;
				DEBUG_INFORMATION_FORMAT = dwarf;
				ENABLE_STRICT_OBJC_MSGSEND = YES;
				ENABLE_TESTABILITY = YES;
				GCC_C_LANGUAGE_STANDARD = gnu11;
				GCC_DYNAMIC_NO_PIC = NO;
				GCC_NO_COMMON_BLOCKS = YES;
				GCC_OPTIMIZATION_LEVEL = 0;
				GCC_PREPROCESSOR_DEFINITIONS = (
					"DEBUG=1",
					"$(inherited)",
				);
				GCC_WARN_64_TO_32_BIT_CONVERSION = YES;
				GCC_WARN_ABOUT_RETURN_TYPE = YES_ERROR;
				GCC_WARN_UNDECLARED_SELECTOR = YES;
				GCC_WARN_UNINITIALIZED_AUTOS = YES_AGGRESSIVE;
				GCC_WARN_UNUSED_FUNCTION = YES;
				GCC_WARN_UNUSED_VARIABLE = YES;
				IPHONEOS_DEPLOYMENT_TARGET = 11.0;
				MTL_ENABLE_DEBUG_INFO = YES;
				ONLY_ACTIVE_ARCH = YES;
				SDKROOT = iphoneos;
				SWIFT_ACTIVE_COMPILATION_CONDITIONS = DEBUG;
				SWIFT_OPTIMIZATION_LEVEL = "-Onone";
			};
			name = Debug;
		};
		5B322FD220596ECB00292D8D /* Release */ = {
			isa = XCBuildConfiguration;
			buildSettings = {
				ALWAYS_SEARCH_USER_PATHS = NO;
				CLANG_ANALYZER_NONNULL = YES;
				CLANG_ANALYZER_NUMBER_OBJECT_CONVERSION = YES_AGGRESSIVE;
				CLANG_CXX_LANGUAGE_STANDARD = "gnu++14";
				CLANG_CXX_LIBRARY = "libc++";
				CLANG_ENABLE_MODULES = YES;
				CLANG_ENABLE_OBJC_ARC = YES;
				CLANG_WARN_BLOCK_CAPTURE_AUTORELEASING = YES;
				CLANG_WARN_BOOL_CONVERSION = YES;
				CLANG_WARN_COMMA = YES;
				CLANG_WARN_CONSTANT_CONVERSION = YES;
				CLANG_WARN_DIRECT_OBJC_ISA_USAGE = YES_ERROR;
				CLANG_WARN_DOCUMENTATION_COMMENTS = YES;
				CLANG_WARN_EMPTY_BODY = YES;
				CLANG_WARN_ENUM_CONVERSION = YES;
				CLANG_WARN_INFINITE_RECURSION = YES;
				CLANG_WARN_INT_CONVERSION = YES;
				CLANG_WARN_NON_LITERAL_NULL_CONVERSION = YES;
				CLANG_WARN_OBJC_LITERAL_CONVERSION = YES;
				CLANG_WARN_OBJC_ROOT_CLASS = YES_ERROR;
				CLANG_WARN_RANGE_LOOP_ANALYSIS = YES;
				CLANG_WARN_STRICT_PROTOTYPES = YES;
				CLANG_WARN_SUSPICIOUS_MOVE = YES;
				CLANG_WARN_UNGUARDED_AVAILABILITY = YES_AGGRESSIVE;
				CLANG_WARN_UNREACHABLE_CODE = YES;
				CLANG_WARN__DUPLICATE_METHOD_MATCH = YES;
				CODE_SIGN_IDENTITY = "iPhone Developer";
				COPY_PHASE_STRIP = NO;
				DEBUG_INFORMATION_FORMAT = "dwarf-with-dsym";
				ENABLE_NS_ASSERTIONS = NO;
				ENABLE_STRICT_OBJC_MSGSEND = YES;
				GCC_C_LANGUAGE_STANDARD = gnu11;
				GCC_NO_COMMON_BLOCKS = YES;
				GCC_WARN_64_TO_32_BIT_CONVERSION = YES;
				GCC_WARN_ABOUT_RETURN_TYPE = YES_ERROR;
				GCC_WARN_UNDECLARED_SELECTOR = YES;
				GCC_WARN_UNINITIALIZED_AUTOS = YES_AGGRESSIVE;
				GCC_WARN_UNUSED_FUNCTION = YES;
				GCC_WARN_UNUSED_VARIABLE = YES;
				IPHONEOS_DEPLOYMENT_TARGET = 11.0;
				MTL_ENABLE_DEBUG_INFO = NO;
				SDKROOT = iphoneos;
				SWIFT_OPTIMIZATION_LEVEL = "-Owholemodule";
				VALIDATE_PRODUCT = YES;
			};
			name = Release;
		};
		5B322FD420596ECB00292D8D /* Debug */ = {
			isa = XCBuildConfiguration;
			baseConfigurationReference = C752044EA211C7A6ECABD082 /* Pods-DTT.debug.xcconfig */;
			buildSettings = {
				ASSETCATALOG_COMPILER_APPICON_NAME = AppIcon;
				CODE_SIGN_ENTITLEMENTS = DTT/DTT.entitlements;
				CODE_SIGN_STYLE = Automatic;
				DEVELOPMENT_TEAM = PE47VD96EW;
				INFOPLIST_FILE = DTT/Info.plist;
				LD_RUNPATH_SEARCH_PATHS = "$(inherited) @executable_path/Frameworks";
				PRODUCT_BUNDLE_IDENTIFIER = com.momondo.travelalert;
				PRODUCT_NAME = "$(TARGET_NAME)";
				SWIFT_VERSION = 4.0;
				TARGETED_DEVICE_FAMILY = "1,2";
			};
			name = Debug;
		};
		5B322FD520596ECB00292D8D /* Release */ = {
			isa = XCBuildConfiguration;
			baseConfigurationReference = A8854894644AE5DB1D45C0B5 /* Pods-DTT.release.xcconfig */;
			buildSettings = {
				ASSETCATALOG_COMPILER_APPICON_NAME = AppIcon;
				CODE_SIGN_ENTITLEMENTS = DTT/DTT.entitlements;
				CODE_SIGN_STYLE = Automatic;
				DEVELOPMENT_TEAM = PE47VD96EW;
				INFOPLIST_FILE = DTT/Info.plist;
				LD_RUNPATH_SEARCH_PATHS = "$(inherited) @executable_path/Frameworks";
				PRODUCT_BUNDLE_IDENTIFIER = com.momondo.travelalert;
				PRODUCT_NAME = "$(TARGET_NAME)";
				SWIFT_VERSION = 4.0;
				TARGETED_DEVICE_FAMILY = "1,2";
			};
			name = Release;
		};
/* End XCBuildConfiguration section */

/* Begin XCConfigurationList section */
		5B322FBC20596ECA00292D8D /* Build configuration list for PBXProject "DTT" */ = {
			isa = XCConfigurationList;
			buildConfigurations = (
				5B322FD120596ECB00292D8D /* Debug */,
				5B322FD220596ECB00292D8D /* Release */,
			);
			defaultConfigurationIsVisible = 0;
			defaultConfigurationName = Release;
		};
		5B322FD320596ECB00292D8D /* Build configuration list for PBXNativeTarget "DTT" */ = {
			isa = XCConfigurationList;
			buildConfigurations = (
				5B322FD420596ECB00292D8D /* Debug */,
				5B322FD520596ECB00292D8D /* Release */,
			);
			defaultConfigurationIsVisible = 0;
			defaultConfigurationName = Release;
		};
/* End XCConfigurationList section */
	};
	rootObject = 5B322FB920596ECA00292D8D /* Project object */;
}
